
Microsoft Visual Studio Solution File, Format Version 12.00
# Visual Studio Version 17
VisualStudioVersion = 17.10.35027.167
MinimumVisualStudioVersion = 10.0.40219.1
Project("{FAE04EC0-301F-11D3-BF4B-00C04F79EFBC}") = "SEK", "SEK\SEK.csproj", "{986C748E-3555-4170-B4A9-EA56E29CAA4D}"
EndProject
Global
	GlobalSection(SolutionConfigurationPlatforms) = preSolution
		Debug|Any CPU = Debug|Any CPU
		Release|Any CPU = Release|Any CPU
	EndGlobalSection
	GlobalSection(ProjectConfigurationPlatforms) = postSolution
		{986C748E-3555-4170-B4A9-EA56E29CAA4D}.Debug|Any CPU.ActiveCfg = Debug|Any CPU
		{986C748E-3555-4170-B4A9-EA56E29CAA4D}.Debug|Any CPU.Build.0 = Debug|Any CPU
		{986C748E-3555-4170-B4A9-EA56E29CAA4D}.Release|Any CPU.ActiveCfg = Release|Any CPU
		{986C748E-3555-4170-B4A9-EA56E29CAA4D}.Release|Any CPU.Build.0 = Release|Any CPU
	EndGlobalSection
	GlobalSection(SolutionProperties) = preSolution
		HideSolutionNode = FALSE
	EndGlobalSection
	GlobalSection(ExtensibilityGlobals) = postSolution
		SolutionGuid = {F1451FFB-BD42-4DA7-A36D-B2F020004B33}
	EndGlobalSection
EndGlobal
